// !$*UTF8*$!
{
	archiveVersion = 1;
	classes = {
	};
	objectVersion = 56;
	objects = {

/* Begin PBXBuildFile section */
		A754977E2C8A941B00267578 /* whatsnapApp.swift in Sources */ = {isa = PBXBuildFile; fileRef = A754977D2C8A941B00267578 /* whatsnapApp.swift */; };
		A75497822C8A941C00267578 /* Assets.xcassets in Resources */ = {isa = PBXBuildFile; fileRef = A75497812C8A941C00267578 /* Assets.xcassets */; };
		A75497852C8A941C00267578 /* Preview Assets.xcassets in Resources */ = {isa = PBXBuildFile; fileRef = A75497842C8A941C00267578 /* Preview Assets.xcassets */; };
		A75497922C8A94B100267578 /* WhatsappScannerScreen.swift in Sources */ = {isa = PBXBuildFile; fileRef = A75497912C8A94B100267578 /* WhatsappScannerScreen.swift */; };
		A76733912C8BFCB5001DFF2C /* DrawSquare.swift in Sources */ = {isa = PBXBuildFile; fileRef = A76733902C8BFCB5001DFF2C /* DrawSquare.swift */; };
		A77073452C8AED1C00D3B311 /* CameraView.swift in Sources */ = {isa = PBXBuildFile; fileRef = A77073442C8AED1C00D3B311 /* CameraView.swift */; };
		A77073472C8AF03B00D3B311 /* String+Extension.swift in Sources */ = {isa = PBXBuildFile; fileRef = A77073462C8AF03B00D3B311 /* String+Extension.swift */; };
		A770734A2C8AF8B900D3B311 /* Constant.swift in Sources */ = {isa = PBXBuildFile; fileRef = A77073492C8AF8B900D3B311 /* Constant.swift */; };
/* End PBXBuildFile section */

/* Begin PBXFileReference section */
		A754977A2C8A941B00267578 /* WhatSnap.app */ = {isa = PBXFileReference; explicitFileType = wrapper.application; includeInIndex = 0; path = WhatSnap.app; sourceTree = BUILT_PRODUCTS_DIR; };
		A754977D2C8A941B00267578 /* whatsnapApp.swift */ = {isa = PBXFileReference; lastKnownFileType = sourcecode.swift; path = whatsnapApp.swift; sourceTree = "<group>"; };
		A75497812C8A941C00267578 /* Assets.xcassets */ = {isa = PBXFileReference; lastKnownFileType = folder.assetcatalog; path = Assets.xcassets; sourceTree = "<group>"; };
		A75497842C8A941C00267578 /* Preview Assets.xcassets */ = {isa = PBXFileReference; lastKnownFileType = folder.assetcatalog; path = "Preview Assets.xcassets"; sourceTree = "<group>"; };
		A75497912C8A94B100267578 /* WhatsappScannerScreen.swift */ = {isa = PBXFileReference; lastKnownFileType = sourcecode.swift; path = WhatsappScannerScreen.swift; sourceTree = "<group>"; };
		A76733902C8BFCB5001DFF2C /* DrawSquare.swift */ = {isa = PBXFileReference; lastKnownFileType = sourcecode.swift; path = DrawSquare.swift; sourceTree = "<group>"; };
		A77073442C8AED1C00D3B311 /* CameraView.swift */ = {isa = PBXFileReference; lastKnownFileType = sourcecode.swift; path = CameraView.swift; sourceTree = "<group>"; };
		A77073462C8AF03B00D3B311 /* String+Extension.swift */ = {isa = PBXFileReference; lastKnownFileType = sourcecode.swift; path = "String+Extension.swift"; sourceTree = "<group>"; };
		A77073492C8AF8B900D3B311 /* Constant.swift */ = {isa = PBXFileReference; lastKnownFileType = sourcecode.swift; path = Constant.swift; sourceTree = "<group>"; };
/* End PBXFileReference section */

/* Begin PBXFrameworksBuildPhase section */
		A75497772C8A941B00267578 /* Frameworks */ = {
			isa = PBXFrameworksBuildPhase;
			buildActionMask = 2147483647;
			files = (
			);
			runOnlyForDeploymentPostprocessing = 0;
		};
/* End PBXFrameworksBuildPhase section */

/* Begin PBXGroup section */
		A75497712C8A941B00267578 = {
			isa = PBXGroup;
			children = (
				A754977C2C8A941B00267578 /* WhatSnap */,
				A754977B2C8A941B00267578 /* Products */,
			);
			sourceTree = "<group>";
		};
		A754977B2C8A941B00267578 /* Products */ = {
			isa = PBXGroup;
			children = (
				A754977A2C8A941B00267578 /* WhatSnap.app */,
			);
			name = Products;
			sourceTree = "<group>";
		};
		A754977C2C8A941B00267578 /* WhatSnap */ = {
			isa = PBXGroup;
			children = (
				A77073482C8AF8AB00D3B311 /* Data */,
				A754978F2C8A944600267578 /* Helpers */,
				A754978C2C8A943000267578 /* Views */,
				A754978B2C8A942B00267578 /* Screens */,
				A754977D2C8A941B00267578 /* whatsnapApp.swift */,
				A75497812C8A941C00267578 /* Assets.xcassets */,
				A75497832C8A941C00267578 /* Preview Content */,
			);
			path = WhatSnap;
			sourceTree = "<group>";
		};
		A75497832C8A941C00267578 /* Preview Content */ = {
			isa = PBXGroup;
			children = (
				A75497842C8A941C00267578 /* Preview Assets.xcassets */,
			);
			path = "Preview Content";
			sourceTree = "<group>";
		};
		A754978B2C8A942B00267578 /* Screens */ = {
			isa = PBXGroup;
			children = (
				A75497912C8A94B100267578 /* WhatsappScannerScreen.swift */,
			);
			path = Screens;
			sourceTree = "<group>";
		};
		A754978C2C8A943000267578 /* Views */ = {
			isa = PBXGroup;
			children = (
				A77073442C8AED1C00D3B311 /* CameraView.swift */,
			);
			path = Views;
			sourceTree = "<group>";
		};
		A754978F2C8A944600267578 /* Helpers */ = {
			isa = PBXGroup;
			children = (
				A767338F2C8BFCA7001DFF2C /* Drawer */,
				A75497902C8A944C00267578 /* Extensions */,
			);
			path = Helpers;
			sourceTree = "<group>";
		};
		A75497902C8A944C00267578 /* Extensions */ = {
			isa = PBXGroup;
			children = (
				A77073462C8AF03B00D3B311 /* String+Extension.swift */,
			);
			path = Extensions;
			sourceTree = "<group>";
		};
		A767338F2C8BFCA7001DFF2C /* Drawer */ = {
			isa = PBXGroup;
			children = (
				A76733902C8BFCB5001DFF2C /* DrawSquare.swift */,
			);
			path = Drawer;
			sourceTree = "<group>";
		};
		A77073482C8AF8AB00D3B311 /* Data */ = {
			isa = PBXGroup;
			children = (
				A77073492C8AF8B900D3B311 /* Constant.swift */,
			);
			path = Data;
			sourceTree = "<group>";
		};
/* End PBXGroup section */

/* Begin PBXNativeTarget section */
		A75497792C8A941B00267578 /* WhatSnap */ = {
			isa = PBXNativeTarget;
			buildConfigurationList = A75497882C8A941C00267578 /* Build configuration list for PBXNativeTarget "WhatSnap" */;
			buildPhases = (
				A75497762C8A941B00267578 /* Sources */,
				A75497772C8A941B00267578 /* Frameworks */,
				A75497782C8A941B00267578 /* Resources */,
			);
			buildRules = (
			);
			dependencies = (
			);
			name = WhatSnap;
			productName = whatsnap;
			productReference = A754977A2C8A941B00267578 /* WhatSnap.app */;
			productType = "com.apple.product-type.application";
		};
/* End PBXNativeTarget section */

/* Begin PBXProject section */
		A75497722C8A941B00267578 /* Project object */ = {
			isa = PBXProject;
			attributes = {
				BuildIndependentTargetsInParallel = 1;
				LastSwiftUpdateCheck = 1540;
				LastUpgradeCheck = 1540;
				TargetAttributes = {
					A75497792C8A941B00267578 = {
						CreatedOnToolsVersion = 15.4;
					};
				};
			};
			buildConfigurationList = A75497752C8A941B00267578 /* Build configuration list for PBXProject "WhatSnap" */;
			compatibilityVersion = "Xcode 14.0";
			developmentRegion = en;
			hasScannedForEncodings = 0;
			knownRegions = (
				en,
				Base,
			);
			mainGroup = A75497712C8A941B00267578;
			productRefGroup = A754977B2C8A941B00267578 /* Products */;
			projectDirPath = "";
			projectRoot = "";
			targets = (
				A75497792C8A941B00267578 /* WhatSnap */,
			);
		};
/* End PBXProject section */

/* Begin PBXResourcesBuildPhase section */
		A75497782C8A941B00267578 /* Resources */ = {
			isa = PBXResourcesBuildPhase;
			buildActionMask = 2147483647;
			files = (
				A75497852C8A941C00267578 /* Preview Assets.xcassets in Resources */,
				A75497822C8A941C00267578 /* Assets.xcassets in Resources */,
			);
			runOnlyForDeploymentPostprocessing = 0;
		};
/* End PBXResourcesBuildPhase section */

/* Begin PBXSourcesBuildPhase section */
		A75497762C8A941B00267578 /* Sources */ = {
			isa = PBXSourcesBuildPhase;
			buildActionMask = 2147483647;
			files = (
				A76733912C8BFCB5001DFF2C /* DrawSquare.swift in Sources */,
				A77073452C8AED1C00D3B311 /* CameraView.swift in Sources */,
				A75497922C8A94B100267578 /* WhatsappScannerScreen.swift in Sources */,
				A77073472C8AF03B00D3B311 /* String+Extension.swift in Sources */,
				A754977E2C8A941B00267578 /* whatsnapApp.swift in Sources */,
				A770734A2C8AF8B900D3B311 /* Constant.swift in Sources */,
			);
			runOnlyForDeploymentPostprocessing = 0;
		};
/* End PBXSourcesBuildPhase section */

/* Begin XCBuildConfiguration section */
		A75497862C8A941C00267578 /* Debug */ = {
			isa = XCBuildConfiguration;
			buildSettings = {
				ALWAYS_SEARCH_USER_PATHS = NO;
				ASSETCATALOG_COMPILER_GENERATE_SWIFT_ASSET_SYMBOL_EXTENSIONS = YES;
				CLANG_ANALYZER_NONNULL = YES;
				CLANG_ANALYZER_NUMBER_OBJECT_CONVERSION = YES_AGGRESSIVE;
				CLANG_CXX_LANGUAGE_STANDARD = "gnu++20";
				CLANG_ENABLE_MODULES = YES;
				CLANG_ENABLE_OBJC_ARC = YES;
				CLANG_ENABLE_OBJC_WEAK = YES;
				CLANG_WARN_BLOCK_CAPTURE_AUTORELEASING = YES;
				CLANG_WARN_BOOL_CONVERSION = YES;
				CLANG_WARN_COMMA = YES;
				CLANG_WARN_CONSTANT_CONVERSION = YES;
				CLANG_WARN_DEPRECATED_OBJC_IMPLEMENTATIONS = YES;
				CLANG_WARN_DIRECT_OBJC_ISA_USAGE = YES_ERROR;
				CLANG_WARN_DOCUMENTATION_COMMENTS = YES;
				CLANG_WARN_EMPTY_BODY = YES;
				CLANG_WARN_ENUM_CONVERSION = YES;
				CLANG_WARN_INFINITE_RECURSION = YES;
				CLANG_WARN_INT_CONVERSION = YES;
				CLANG_WARN_NON_LITERAL_NULL_CONVERSION = YES;
				CLANG_WARN_OBJC_IMPLICIT_RETAIN_SELF = YES;
				CLANG_WARN_OBJC_LITERAL_CONVERSION = YES;
				CLANG_WARN_OBJC_ROOT_CLASS = YES_ERROR;
				CLANG_WARN_QUOTED_INCLUDE_IN_FRAMEWORK_HEADER = YES;
				CLANG_WARN_RANGE_LOOP_ANALYSIS = YES;
				CLANG_WARN_STRICT_PROTOTYPES = YES;
				CLANG_WARN_SUSPICIOUS_MOVE = YES;
				CLANG_WARN_UNGUARDED_AVAILABILITY = YES_AGGRESSIVE;
				CLANG_WARN_UNREACHABLE_CODE = YES;
				CLANG_WARN__DUPLICATE_METHOD_MATCH = YES;
				COPY_PHASE_STRIP = NO;
				DEBUG_INFORMATION_FORMAT = dwarf;
				ENABLE_STRICT_OBJC_MSGSEND = YES;
				ENABLE_TESTABILITY = YES;
				ENABLE_USER_SCRIPT_SANDBOXING = YES;
				GCC_C_LANGUAGE_STANDARD = gnu17;
				GCC_DYNAMIC_NO_PIC = NO;
				GCC_NO_COMMON_BLOCKS = YES;
				GCC_OPTIMIZATION_LEVEL = 0;
				GCC_PREPROCESSOR_DEFINITIONS = (
					"DEBUG=1",
					"$(inherited)",
				);
				GCC_WARN_64_TO_32_BIT_CONVERSION = YES;
				GCC_WARN_ABOUT_RETURN_TYPE = YES_ERROR;
				GCC_WARN_UNDECLARED_SELECTOR = YES;
				GCC_WARN_UNINITIALIZED_AUTOS = YES_AGGRESSIVE;
				GCC_WARN_UNUSED_FUNCTION = YES;
				GCC_WARN_UNUSED_VARIABLE = YES;
				IPHONEOS_DEPLOYMENT_TARGET = 17.5;
				LOCALIZATION_PREFERS_STRING_CATALOGS = YES;
				MTL_ENABLE_DEBUG_INFO = INCLUDE_SOURCE;
				MTL_FAST_MATH = YES;
				ONLY_ACTIVE_ARCH = YES;
				SDKROOT = iphoneos;
				SWIFT_ACTIVE_COMPILATION_CONDITIONS = "DEBUG $(inherited)";
				SWIFT_OPTIMIZATION_LEVEL = "-Onone";
			};
			name = Debug;
		};
		A75497872C8A941C00267578 /* Release */ = {
			isa = XCBuildConfiguration;
			buildSettings = {
				ALWAYS_SEARCH_USER_PATHS = NO;
				ASSETCATALOG_COMPILER_GENERATE_SWIFT_ASSET_SYMBOL_EXTENSIONS = YES;
				CLANG_ANALYZER_NONNULL = YES;
				CLANG_ANALYZER_NUMBER_OBJECT_CONVERSION = YES_AGGRESSIVE;
				CLANG_CXX_LANGUAGE_STANDARD = "gnu++20";
				CLANG_ENABLE_MODULES = YES;
				CLANG_ENABLE_OBJC_ARC = YES;
				CLANG_ENABLE_OBJC_WEAK = YES;
				CLANG_WARN_BLOCK_CAPTURE_AUTORELEASING = YES;
				CLANG_WARN_BOOL_CONVERSION = YES;
				CLANG_WARN_COMMA = YES;
				CLANG_WARN_CONSTANT_CONVERSION = YES;
				CLANG_WARN_DEPRECATED_OBJC_IMPLEMENTATIONS = YES;
				CLANG_WARN_DIRECT_OBJC_ISA_USAGE = YES_ERROR;
				CLANG_WARN_DOCUMENTATION_COMMENTS = YES;
				CLANG_WARN_EMPTY_BODY = YES;
				CLANG_WARN_ENUM_CONVERSION = YES;
				CLANG_WARN_INFINITE_RECURSION = YES;
				CLANG_WARN_INT_CONVERSION = YES;
				CLANG_WARN_NON_LITERAL_NULL_CONVERSION = YES;
				CLANG_WARN_OBJC_IMPLICIT_RETAIN_SELF = YES;
				CLANG_WARN_OBJC_LITERAL_CONVERSION = YES;
				CLANG_WARN_OBJC_ROOT_CLASS = YES_ERROR;
				CLANG_WARN_QUOTED_INCLUDE_IN_FRAMEWORK_HEADER = YES;
				CLANG_WARN_RANGE_LOOP_ANALYSIS = YES;
				CLANG_WARN_STRICT_PROTOTYPES = YES;
				CLANG_WARN_SUSPICIOUS_MOVE = YES;
				CLANG_WARN_UNGUARDED_AVAILABILITY = YES_AGGRESSIVE;
				CLANG_WARN_UNREACHABLE_CODE = YES;
				CLANG_WARN__DUPLICATE_METHOD_MATCH = YES;
				COPY_PHASE_STRIP = NO;
				DEBUG_INFORMATION_FORMAT = "dwarf-with-dsym";
				ENABLE_NS_ASSERTIONS = NO;
				ENABLE_STRICT_OBJC_MSGSEND = YES;
				ENABLE_USER_SCRIPT_SANDBOXING = YES;
				GCC_C_LANGUAGE_STANDARD = gnu17;
				GCC_NO_COMMON_BLOCKS = YES;
				GCC_WARN_64_TO_32_BIT_CONVERSION = YES;
				GCC_WARN_ABOUT_RETURN_TYPE = YES_ERROR;
				GCC_WARN_UNDECLARED_SELECTOR = YES;
				GCC_WARN_UNINITIALIZED_AUTOS = YES_AGGRESSIVE;
				GCC_WARN_UNUSED_FUNCTION = YES;
				GCC_WARN_UNUSED_VARIABLE = YES;
				IPHONEOS_DEPLOYMENT_TARGET = 17.5;
				LOCALIZATION_PREFERS_STRING_CATALOGS = YES;
				MTL_ENABLE_DEBUG_INFO = NO;
				MTL_FAST_MATH = YES;
				SDKROOT = iphoneos;
				SWIFT_COMPILATION_MODE = wholemodule;
				VALIDATE_PRODUCT = YES;
			};
			name = Release;
		};
		A75497892C8A941C00267578 /* Debug */ = {
			isa = XCBuildConfiguration;
			buildSettings = {
				ASSETCATALOG_COMPILER_APPICON_NAME = AppIcon;
				ASSETCATALOG_COMPILER_GLOBAL_ACCENT_COLOR_NAME = AccentColor;
				CODE_SIGN_STYLE = Automatic;
				CURRENT_PROJECT_VERSION = 2;
				DEVELOPMENT_ASSET_PATHS = "\"whatsnap/Preview Content\"";
				DEVELOPMENT_TEAM = 7YWWN4M3Y9;
				ENABLE_PREVIEWS = YES;
				GENERATE_INFOPLIST_FILE = YES;
				INFOPLIST_KEY_CFBundleDisplayName = WhatsSnap;
				INFOPLIST_KEY_LSApplicationCategoryType = "public.app-category.utilities";
				INFOPLIST_KEY_NSCameraUsageDescription = "This app requires camera access to scan text for phone numbers.";
				INFOPLIST_KEY_UIApplicationSceneManifest_Generation = YES;
				INFOPLIST_KEY_UIApplicationSupportsIndirectInputEvents = YES;
				INFOPLIST_KEY_UILaunchScreen_Generation = YES;
				INFOPLIST_KEY_UISupportedInterfaceOrientations = UIInterfaceOrientationPortrait;
				INFOPLIST_KEY_UISupportedInterfaceOrientations_iPad = "UIInterfaceOrientationLandscapeLeft UIInterfaceOrientationLandscapeRight UIInterfaceOrientationPortrait UIInterfaceOrientationPortraitUpsideDown";
				IPHONEOS_DEPLOYMENT_TARGET = 17.0;
				LD_RUNPATH_SEARCH_PATHS = (
					"$(inherited)",
					"@executable_path/Frameworks",
				);
				MARKETING_VERSION = 1.0;
				PRODUCT_BUNDLE_IDENTIFIER = bar.alja.whatsnap;
				PRODUCT_NAME = "$(TARGET_NAME)";
				SUPPORTED_PLATFORMS = "iphoneos iphonesimulator";
				SUPPORTS_MACCATALYST = NO;
				SUPPORTS_MAC_DESIGNED_FOR_IPHONE_IPAD = NO;
				SUPPORTS_XR_DESIGNED_FOR_IPHONE_IPAD = NO;
				SWIFT_EMIT_LOC_STRINGS = YES;
				SWIFT_VERSION = 5.0;
				TARGETED_DEVICE_FAMILY = 1;
			};
			name = Debug;
		};
		A754978A2C8A941C00267578 /* Release */ = {
			isa = XCBuildConfiguration;
			buildSettings = {
				ASSETCATALOG_COMPILER_APPICON_NAME = AppIcon;
				ASSETCATALOG_COMPILER_GLOBAL_ACCENT_COLOR_NAME = AccentColor;
				CODE_SIGN_STYLE = Automatic;
				CURRENT_PROJECT_VERSION = 2;
				DEVELOPMENT_ASSET_PATHS = "\"whatsnap/Preview Content\"";
				DEVELOPMENT_TEAM = 7YWWN4M3Y9;
				ENABLE_PREVIEWS = YES;
				GENERATE_INFOPLIST_FILE = YES;
				INFOPLIST_KEY_CFBundleDisplayName = WhatsSnap;
				INFOPLIST_KEY_LSApplicationCategoryType = "public.app-category.utilities";
				INFOPLIST_KEY_NSCameraUsageDescription = "This app requires camera access to scan text for phone numbers.";
				INFOPLIST_KEY_UIApplicationSceneManifest_Generation = YES;
				INFOPLIST_KEY_UIApplicationSupportsIndirectInputEvents = YES;
				INFOPLIST_KEY_UILaunchScreen_Generation = YES;
				INFOPLIST_KEY_UISupportedInterfaceOrientations = UIInterfaceOrientationPortrait;
				INFOPLIST_KEY_UISupportedInterfaceOrientations_iPad = "UIInterfaceOrientationLandscapeLeft UIInterfaceOrientationLandscapeRight UIInterfaceOrientationPortrait UIInterfaceOrientationPortraitUpsideDown";
				IPHONEOS_DEPLOYMENT_TARGET = 17.0;
				LD_RUNPATH_SEARCH_PATHS = (
					"$(inherited)",
					"@executable_path/Frameworks",
				);
				MARKETING_VERSION = 1.0;
				PRODUCT_BUNDLE_IDENTIFIER = bar.alja.whatsnap;
				PRODUCT_NAME = "$(TARGET_NAME)";
				SUPPORTED_PLATFORMS = "iphoneos iphonesimulator";
				SUPPORTS_MACCATALYST = NO;
				SUPPORTS_MAC_DESIGNED_FOR_IPHONE_IPAD = NO;
				SUPPORTS_XR_DESIGNED_FOR_IPHONE_IPAD = NO;
				SWIFT_EMIT_LOC_STRINGS = YES;
				SWIFT_VERSION = 5.0;
				TARGETED_DEVICE_FAMILY = 1;
			};
			name = Release;
		};
/* End XCBuildConfiguration section */

/* Begin XCConfigurationList section */
		A75497752C8A941B00267578 /* Build configuration list for PBXProject "WhatSnap" */ = {
			isa = XCConfigurationList;
			buildConfigurations = (
				A75497862C8A941C00267578 /* Debug */,
				A75497872C8A941C00267578 /* Release */,
			);
			defaultConfigurationIsVisible = 0;
			defaultConfigurationName = Release;
		};
		A75497882C8A941C00267578 /* Build configuration list for PBXNativeTarget "WhatSnap" */ = {
			isa = XCConfigurationList;
			buildConfigurations = (
				A75497892C8A941C00267578 /* Debug */,
				A754978A2C8A941C00267578 /* Release */,
			);
			defaultConfigurationIsVisible = 0;
			defaultConfigurationName = Release;
		};
/* End XCConfigurationList section */
	};
	rootObject = A75497722C8A941B00267578 /* Project object */;
}
